
Microsoft Visual Studio Solution File, Format Version 12.00
# Visual Studio 14
VisualStudioVersion = 14.0.25420.1
MinimumVisualStudioVersion = 10.0.40219.1
Project("{8BC9CEB8-8B4A-11D0-8D11-00A0C91BC942}") = "May 25", "May 25\May 25.vcxproj", "{D1707AC8-58FA-4A37-93FF-73B421778141}"
EndProject
Project("{54435603-DBB4-11D2-8724-00A0C9A8B90C}") = "Setup1028", "Setup1028\Setup1028.vdproj", "{932CFC23-1E63-4D5D-953E-4413F6E0683D}"
EndProject
Project("{8BC9CEB8-8B4A-11D0-8D11-00A0C91BC942}") = "MFC", "MFC\MFC.vcxproj", "{7D0CC6C6-5B8D-4962-87DB-A95C130EA8C0}"
EndProject
Project("{8BC9CEB8-8B4A-11D0-8D11-00A0C91BC942}") = "MathML", "MathML\MathML.vcxproj", "{39C1DDCA-4A07-4B15-9BCD-7BB57A153D1B}"
EndProject
Project("{FAE04EC0-301F-11D3-BF4B-00C04F79EFBC}") = "CSharpSBML", "CSharpSBML\CSharpSBML.csproj", "{C1F7C195-93F7-4BCC-AC9F-73F4C1C6D17E}"
EndProject
Project("{54435603-DBB4-11D2-8724-00A0C9A8B90C}") = "MFC Setup", "MFC Setup\MFC Setup.vdproj", "{1B10BFB6-8034-4D53-A5EB-8C77FF5F13B2}"
EndProject
Project("{8BC9CEB8-8B4A-11D0-8D11-00A0C91BC942}") = "UWP(DX12)", "UWP(DX12)\UWP(DX12).vcxproj", "{ABC2C45A-3480-4A07-AE93-2722E2B99B55}"
EndProject
Project("{8BC9CEB8-8B4A-11D0-8D11-00A0C91BC942}") = "UWP(DX11_XAML)", "UWP(DX11_XAML)\UWP(DX11_XAML).vcxproj", "{8CB921BA-291A-4C73-ACA5-33D49EFD666D}"
EndProject
Global
	GlobalSection(SolutionConfigurationPlatforms) = preSolution
		Debug|Any CPU = Debug|Any CPU
		Debug|ARM = Debug|ARM
		Debug|Win32 = Debug|Win32
		Debug|x64 = Debug|x64
		Debug|x86 = Debug|x86
		Release|Any CPU = Release|Any CPU
		Release|ARM = Release|ARM
		Release|Win32 = Release|Win32
		Release|x64 = Release|x64
		Release|x86 = Release|x86
	EndGlobalSection
	GlobalSection(ProjectConfigurationPlatforms) = postSolution
		{D1707AC8-58FA-4A37-93FF-73B421778141}.Debug|Any CPU.ActiveCfg = Debug|Win32
		{D1707AC8-58FA-4A37-93FF-73B421778141}.Debug|ARM.ActiveCfg = Debug|Win32
		{D1707AC8-58FA-4A37-93FF-73B421778141}.Debug|Win32.ActiveCfg = Debug|Win32
		{D1707AC8-58FA-4A37-93FF-73B421778141}.Debug|Win32.Build.0 = Debug|Win32
		{D1707AC8-58FA-4A37-93FF-73B421778141}.Debug|x64.ActiveCfg = Debug|x64
		{D1707AC8-58FA-4A37-93FF-73B421778141}.Debug|x64.Build.0 = Debug|x64
		{D1707AC8-58FA-4A37-93FF-73B421778141}.Debug|x86.ActiveCfg = Debug|Win32
		{D1707AC8-58FA-4A37-93FF-73B421778141}.Debug|x86.Build.0 = Debug|Win32
		{D1707AC8-58FA-4A37-93FF-73B421778141}.Release|Any CPU.ActiveCfg = Release|Win32
		{D1707AC8-58FA-4A37-93FF-73B421778141}.Release|ARM.ActiveCfg = Release|Win32
		{D1707AC8-58FA-4A37-93FF-73B421778141}.Release|Win32.ActiveCfg = Release|Win32
		{D1707AC8-58FA-4A37-93FF-73B421778141}.Release|Win32.Build.0 = Release|Win32
		{D1707AC8-58FA-4A37-93FF-73B421778141}.Release|x64.ActiveCfg = Release|x64
		{D1707AC8-58FA-4A37-93FF-73B421778141}.Release|x64.Build.0 = Release|x64
		{D1707AC8-58FA-4A37-93FF-73B421778141}.Release|x86.ActiveCfg = Release|Win32
		{D1707AC8-58FA-4A37-93FF-73B421778141}.Release|x86.Build.0 = Release|Win32
		{932CFC23-1E63-4D5D-953E-4413F6E0683D}.Debug|Any CPU.ActiveCfg = Debug
		{932CFC23-1E63-4D5D-953E-4413F6E0683D}.Debug|Any CPU.Build.0 = Debug
		{932CFC23-1E63-4D5D-953E-4413F6E0683D}.Debug|ARM.ActiveCfg = Debug
		{932CFC23-1E63-4D5D-953E-4413F6E0683D}.Debug|ARM.Build.0 = Debug
		{932CFC23-1E63-4D5D-953E-4413F6E0683D}.Debug|Win32.ActiveCfg = Debug
		{932CFC23-1E63-4D5D-953E-4413F6E0683D}.Debug|x64.ActiveCfg = Debug
		{932CFC23-1E63-4D5D-953E-4413F6E0683D}.Debug|x86.ActiveCfg = Debug
		{932CFC23-1E63-4D5D-953E-4413F6E0683D}.Release|Any CPU.ActiveCfg = Release
		{932CFC23-1E63-4D5D-953E-4413F6E0683D}.Release|Any CPU.Build.0 = Release
		{932CFC23-1E63-4D5D-953E-4413F6E0683D}.Release|ARM.ActiveCfg = Release
		{932CFC23-1E63-4D5D-953E-4413F6E0683D}.Release|ARM.Build.0 = Release
		{932CFC23-1E63-4D5D-953E-4413F6E0683D}.Release|Win32.ActiveCfg = Release
		{932CFC23-1E63-4D5D-953E-4413F6E0683D}.Release|x64.ActiveCfg = Release
		{932CFC23-1E63-4D5D-953E-4413F6E0683D}.Release|x86.ActiveCfg = Release
		{7D0CC6C6-5B8D-4962-87DB-A95C130EA8C0}.Debug|Any CPU.ActiveCfg = Debug|Win32
		{7D0CC6C6-5B8D-4962-87DB-A95C130EA8C0}.Debug|ARM.ActiveCfg = Debug|Win32
		{7D0CC6C6-5B8D-4962-87DB-A95C130EA8C0}.Debug|Win32.ActiveCfg = Debug|Win32
		{7D0CC6C6-5B8D-4962-87DB-A95C130EA8C0}.Debug|Win32.Build.0 = Debug|Win32
		{7D0CC6C6-5B8D-4962-87DB-A95C130EA8C0}.Debug|x64.ActiveCfg = Debug|x64
		{7D0CC6C6-5B8D-4962-87DB-A95C130EA8C0}.Debug|x64.Build.0 = Debug|x64
		{7D0CC6C6-5B8D-4962-87DB-A95C130EA8C0}.Debug|x86.ActiveCfg = Debug|Win32
		{7D0CC6C6-5B8D-4962-87DB-A95C130EA8C0}.Debug|x86.Build.0 = Debug|Win32
		{7D0CC6C6-5B8D-4962-87DB-A95C130EA8C0}.Release|Any CPU.ActiveCfg = Release|Win32
		{7D0CC6C6-5B8D-4962-87DB-A95C130EA8C0}.Release|ARM.ActiveCfg = Release|Win32
		{7D0CC6C6-5B8D-4962-87DB-A95C130EA8C0}.Release|Win32.ActiveCfg = Release|Win32
		{7D0CC6C6-5B8D-4962-87DB-A95C130EA8C0}.Release|Win32.Build.0 = Release|Win32
		{7D0CC6C6-5B8D-4962-87DB-A95C130EA8C0}.Release|x64.ActiveCfg = Release|x64
		{7D0CC6C6-5B8D-4962-87DB-A95C130EA8C0}.Release|x64.Build.0 = Release|x64
		{7D0CC6C6-5B8D-4962-87DB-A95C130EA8C0}.Release|x86.ActiveCfg = Release|Win32
		{7D0CC6C6-5B8D-4962-87DB-A95C130EA8C0}.Release|x86.Build.0 = Release|Win32
		{39C1DDCA-4A07-4B15-9BCD-7BB57A153D1B}.Debug|Any CPU.ActiveCfg = Debug|Win32
		{39C1DDCA-4A07-4B15-9BCD-7BB57A153D1B}.Debug|ARM.ActiveCfg = Debug|Win32
		{39C1DDCA-4A07-4B15-9BCD-7BB57A153D1B}.Debug|Win32.ActiveCfg = Debug|Win32
		{39C1DDCA-4A07-4B15-9BCD-7BB57A153D1B}.Debug|Win32.Build.0 = Debug|Win32
		{39C1DDCA-4A07-4B15-9BCD-7BB57A153D1B}.Debug|x64.ActiveCfg = Debug|x64
		{39C1DDCA-4A07-4B15-9BCD-7BB57A153D1B}.Debug|x64.Build.0 = Debug|x64
		{39C1DDCA-4A07-4B15-9BCD-7BB57A153D1B}.Debug|x86.ActiveCfg = Debug|Win32
		{39C1DDCA-4A07-4B15-9BCD-7BB57A153D1B}.Debug|x86.Build.0 = Debug|Win32
		{39C1DDCA-4A07-4B15-9BCD-7BB57A153D1B}.Release|Any CPU.ActiveCfg = Release|Win32
		{39C1DDCA-4A07-4B15-9BCD-7BB57A153D1B}.Release|ARM.ActiveCfg = Release|Win32
		{39C1DDCA-4A07-4B15-9BCD-7BB57A153D1B}.Release|Win32.ActiveCfg = Release|Win32
		{39C1DDCA-4A07-4B15-9BCD-7BB57A153D1B}.Release|Win32.Build.0 = Release|Win32
		{39C1DDCA-4A07-4B15-9BCD-7BB57A153D1B}.Release|x64.ActiveCfg = Release|x64
		{39C1DDCA-4A07-4B15-9BCD-7BB57A153D1B}.Release|x64.Build.0 = Release|x64
		{39C1DDCA-4A07-4B15-9BCD-7BB57A153D1B}.Release|x86.ActiveCfg = Release|Win32
		{39C1DDCA-4A07-4B15-9BCD-7BB57A153D1B}.Release|x86.Build.0 = Release|Win32
		{C1F7C195-93F7-4BCC-AC9F-73F4C1C6D17E}.Debug|Any CPU.ActiveCfg = Debug|Any CPU
		{C1F7C195-93F7-4BCC-AC9F-73F4C1C6D17E}.Debug|Any CPU.Build.0 = Debug|Any CPU
		{C1F7C195-93F7-4BCC-AC9F-73F4C1C6D17E}.Debug|ARM.ActiveCfg = Debug|Any CPU
		{C1F7C195-93F7-4BCC-AC9F-73F4C1C6D17E}.Debug|ARM.Build.0 = Debug|Any CPU
		{C1F7C195-93F7-4BCC-AC9F-73F4C1C6D17E}.Debug|Win32.ActiveCfg = Debug|Any CPU
		{C1F7C195-93F7-4BCC-AC9F-73F4C1C6D17E}.Debug|Win32.Build.0 = Debug|Any CPU
		{C1F7C195-93F7-4BCC-AC9F-73F4C1C6D17E}.Debug|x64.ActiveCfg = Debug|Any CPU
		{C1F7C195-93F7-4BCC-AC9F-73F4C1C6D17E}.Debug|x64.Build.0 = Debug|Any CPU
		{C1F7C195-93F7-4BCC-AC9F-73F4C1C6D17E}.Debug|x86.ActiveCfg = Debug|Any CPU
		{C1F7C195-93F7-4BCC-AC9F-73F4C1C6D17E}.Debug|x86.Build.0 = Debug|Any CPU
		{C1F7C195-93F7-4BCC-AC9F-73F4C1C6D17E}.Release|Any CPU.ActiveCfg = Release|Any CPU
		{C1F7C195-93F7-4BCC-AC9F-73F4C1C6D17E}.Release|Any CPU.Build.0 = Release|Any CPU
		{C1F7C195-93F7-4BCC-AC9F-73F4C1C6D17E}.Release|ARM.ActiveCfg = Release|Any CPU
		{C1F7C195-93F7-4BCC-AC9F-73F4C1C6D17E}.Release|ARM.Build.0 = Release|Any CPU
		{C1F7C195-93F7-4BCC-AC9F-73F4C1C6D17E}.Release|Win32.ActiveCfg = Release|Any CPU
		{C1F7C195-93F7-4BCC-AC9F-73F4C1C6D17E}.Release|Win32.Build.0 = Release|Any CPU
		{C1F7C195-93F7-4BCC-AC9F-73F4C1C6D17E}.Release|x64.ActiveCfg = Release|Any CPU
		{C1F7C195-93F7-4BCC-AC9F-73F4C1C6D17E}.Release|x64.Build.0 = Release|Any CPU
		{C1F7C195-93F7-4BCC-AC9F-73F4C1C6D17E}.Release|x86.ActiveCfg = Release|Any CPU
		{C1F7C195-93F7-4BCC-AC9F-73F4C1C6D17E}.Release|x86.Build.0 = Release|Any CPU
		{1B10BFB6-8034-4D53-A5EB-8C77FF5F13B2}.Debug|Any CPU.ActiveCfg = Debug
		{1B10BFB6-8034-4D53-A5EB-8C77FF5F13B2}.Debug|ARM.ActiveCfg = Debug
		{1B10BFB6-8034-4D53-A5EB-8C77FF5F13B2}.Debug|ARM.Build.0 = Debug
		{1B10BFB6-8034-4D53-A5EB-8C77FF5F13B2}.Debug|Win32.ActiveCfg = Debug
		{1B10BFB6-8034-4D53-A5EB-8C77FF5F13B2}.Debug|x64.ActiveCfg = Debug
		{1B10BFB6-8034-4D53-A5EB-8C77FF5F13B2}.Debug|x86.ActiveCfg = Debug
		{1B10BFB6-8034-4D53-A5EB-8C77FF5F13B2}.Release|Any CPU.ActiveCfg = Release
		{1B10BFB6-8034-4D53-A5EB-8C77FF5F13B2}.Release|ARM.ActiveCfg = Release
		{1B10BFB6-8034-4D53-A5EB-8C77FF5F13B2}.Release|ARM.Build.0 = Release
		{1B10BFB6-8034-4D53-A5EB-8C77FF5F13B2}.Release|Win32.ActiveCfg = Release
		{1B10BFB6-8034-4D53-A5EB-8C77FF5F13B2}.Release|x64.ActiveCfg = Release
		{1B10BFB6-8034-4D53-A5EB-8C77FF5F13B2}.Release|x86.ActiveCfg = Release
		{ABC2C45A-3480-4A07-AE93-2722E2B99B55}.Debug|Any CPU.ActiveCfg = Debug|Win32
		{ABC2C45A-3480-4A07-AE93-2722E2B99B55}.Debug|ARM.ActiveCfg = Debug|ARM
		{ABC2C45A-3480-4A07-AE93-2722E2B99B55}.Debug|ARM.Build.0 = Debug|ARM
		{ABC2C45A-3480-4A07-AE93-2722E2B99B55}.Debug|ARM.Deploy.0 = Debug|ARM
		{ABC2C45A-3480-4A07-AE93-2722E2B99B55}.Debug|Win32.ActiveCfg = Debug|Win32
		{ABC2C45A-3480-4A07-AE93-2722E2B99B55}.Debug|Win32.Build.0 = Debug|Win32
		{ABC2C45A-3480-4A07-AE93-2722E2B99B55}.Debug|Win32.Deploy.0 = Debug|Win32
		{ABC2C45A-3480-4A07-AE93-2722E2B99B55}.Debug|x64.ActiveCfg = Debug|x64
		{ABC2C45A-3480-4A07-AE93-2722E2B99B55}.Debug|x64.Build.0 = Debug|x64
		{ABC2C45A-3480-4A07-AE93-2722E2B99B55}.Debug|x64.Deploy.0 = Debug|x64
		{ABC2C45A-3480-4A07-AE93-2722E2B99B55}.Debug|x86.ActiveCfg = Debug|Win32
		{ABC2C45A-3480-4A07-AE93-2722E2B99B55}.Debug|x86.Build.0 = Debug|Win32
		{ABC2C45A-3480-4A07-AE93-2722E2B99B55}.Debug|x86.Deploy.0 = Debug|Win32
		{ABC2C45A-3480-4A07-AE93-2722E2B99B55}.Release|Any CPU.ActiveCfg = Release|Win32
		{ABC2C45A-3480-4A07-AE93-2722E2B99B55}.Release|ARM.ActiveCfg = Release|ARM
		{ABC2C45A-3480-4A07-AE93-2722E2B99B55}.Release|ARM.Build.0 = Release|ARM
		{ABC2C45A-3480-4A07-AE93-2722E2B99B55}.Release|ARM.Deploy.0 = Release|ARM
		{ABC2C45A-3480-4A07-AE93-2722E2B99B55}.Release|Win32.ActiveCfg = Release|Win32
		{ABC2C45A-3480-4A07-AE93-2722E2B99B55}.Release|Win32.Build.0 = Release|Win32
		{ABC2C45A-3480-4A07-AE93-2722E2B99B55}.Release|Win32.Deploy.0 = Release|Win32
		{ABC2C45A-3480-4A07-AE93-2722E2B99B55}.Release|x64.ActiveCfg = Release|x64
		{ABC2C45A-3480-4A07-AE93-2722E2B99B55}.Release|x64.Build.0 = Release|x64
		{ABC2C45A-3480-4A07-AE93-2722E2B99B55}.Release|x64.Deploy.0 = Release|x64
		{ABC2C45A-3480-4A07-AE93-2722E2B99B55}.Release|x86.ActiveCfg = Release|Win32
		{ABC2C45A-3480-4A07-AE93-2722E2B99B55}.Release|x86.Build.0 = Release|Win32
		{ABC2C45A-3480-4A07-AE93-2722E2B99B55}.Release|x86.Deploy.0 = Release|Win32
		{8CB921BA-291A-4C73-ACA5-33D49EFD666D}.Debug|Any CPU.ActiveCfg = Debug|Win32
		{8CB921BA-291A-4C73-ACA5-33D49EFD666D}.Debug|ARM.ActiveCfg = Debug|ARM
		{8CB921BA-291A-4C73-ACA5-33D49EFD666D}.Debug|ARM.Build.0 = Debug|ARM
		{8CB921BA-291A-4C73-ACA5-33D49EFD666D}.Debug|ARM.Deploy.0 = Debug|ARM
		{8CB921BA-291A-4C73-ACA5-33D49EFD666D}.Debug|Win32.ActiveCfg = Debug|Win32
		{8CB921BA-291A-4C73-ACA5-33D49EFD666D}.Debug|Win32.Build.0 = Debug|Win32
		{8CB921BA-291A-4C73-ACA5-33D49EFD666D}.Debug|Win32.Deploy.0 = Debug|Win32
		{8CB921BA-291A-4C73-ACA5-33D49EFD666D}.Debug|x64.ActiveCfg = Debug|x64
		{8CB921BA-291A-4C73-ACA5-33D49EFD666D}.Debug|x64.Build.0 = Debug|x64
		{8CB921BA-291A-4C73-ACA5-33D49EFD666D}.Debug|x64.Deploy.0 = Debug|x64
		{8CB921BA-291A-4C73-ACA5-33D49EFD666D}.Debug|x86.ActiveCfg = Debug|Win32
		{8CB921BA-291A-4C73-ACA5-33D49EFD666D}.Debug|x86.Build.0 = Debug|Win32
		{8CB921BA-291A-4C73-ACA5-33D49EFD666D}.Debug|x86.Deploy.0 = Debug|Win32
		{8CB921BA-291A-4C73-ACA5-33D49EFD666D}.Release|Any CPU.ActiveCfg = Release|Win32
		{8CB921BA-291A-4C73-ACA5-33D49EFD666D}.Release|ARM.ActiveCfg = Release|ARM
		{8CB921BA-291A-4C73-ACA5-33D49EFD666D}.Release|ARM.Build.0 = Release|ARM
		{8CB921BA-291A-4C73-ACA5-33D49EFD666D}.Release|ARM.Deploy.0 = Release|ARM
		{8CB921BA-291A-4C73-ACA5-33D49EFD666D}.Release|Win32.ActiveCfg = Release|Win32
		{8CB921BA-291A-4C73-ACA5-33D49EFD666D}.Release|Win32.Build.0 = Release|Win32
		{8CB921BA-291A-4C73-ACA5-33D49EFD666D}.Release|Win32.Deploy.0 = Release|Win32
		{8CB921BA-291A-4C73-ACA5-33D49EFD666D}.Release|x64.ActiveCfg = Release|x64
		{8CB921BA-291A-4C73-ACA5-33D49EFD666D}.Release|x64.Build.0 = Release|x64
		{8CB921BA-291A-4C73-ACA5-33D49EFD666D}.Release|x64.Deploy.0 = Release|x64
		{8CB921BA-291A-4C73-ACA5-33D49EFD666D}.Release|x86.ActiveCfg = Release|Win32
		{8CB921BA-291A-4C73-ACA5-33D49EFD666D}.Release|x86.Build.0 = Release|Win32
		{8CB921BA-291A-4C73-ACA5-33D49EFD666D}.Release|x86.Deploy.0 = Release|Win32
	EndGlobalSection
	GlobalSection(SolutionProperties) = preSolution
		HideSolutionNode = FALSE
	EndGlobalSection
EndGlobal
